
Microsoft Visual Studio Solution File, Format Version 12.00
# Visual Studio Version 17
VisualStudioVersion = 17.8.34330.188
MinimumVisualStudioVersion = 10.0.40219.1
Project("{FAE04EC0-301F-11D3-BF4B-00C04F79EFBC}") = "SuccessAppraiser", "SuccessAppraiser\SuccessAppraiser.csproj", "{030989B2-96EB-421F-8118-9EB47EADC3BC}"
EndProject
Global
	GlobalSection(SolutionConfigurationPlatforms) = preSolution
		Debug|Any CPU = Debug|Any CPU
		Release|Any CPU = Release|Any CPU
	EndGlobalSection
	GlobalSection(ProjectConfigurationPlatforms) = postSolution
		{030989B2-96EB-421F-8118-9EB47EADC3BC}.Debug|Any CPU.ActiveCfg = Debug|Any CPU
		{030989B2-96EB-421F-8118-9EB47EADC3BC}.Debug|Any CPU.Build.0 = Debug|Any CPU
		{030989B2-96EB-421F-8118-9EB47EADC3BC}.Release|Any CPU.ActiveCfg = Release|Any CPU
		{030989B2-96EB-421F-8118-9EB47EADC3BC}.Release|Any CPU.Build.0 = Release|Any CPU
	EndGlobalSection
	GlobalSection(SolutionProperties) = preSolution
		HideSolutionNode = FALSE
	EndGlobalSection
	GlobalSection(ExtensibilityGlobals) = postSolution
		SolutionGuid = {1588F409-9B72-46BA-A5E8-D81968CA8E30}
	EndGlobalSection
EndGlobal
